
Microsoft Visual Studio Solution File, Format Version 10.00
# Visual Studio 2008
Project("{FAE04EC0-301F-11D3-BF4B-00C04F79EFBC}") = "omc-simulator", "omc-simulator.csproj", "{218EDF03-8E5F-49C2-8717-41443442E47D}"
EndProject
Global
	GlobalSection(SolutionConfigurationPlatforms) = preSolution
		Debug|Any CPU = Debug|Any CPU
		Release|Any CPU = Release|Any CPU
	EndGlobalSection
	GlobalSection(ProjectConfigurationPlatforms) = postSolution
		{218EDF03-8E5F-49C2-8717-41443442E47D}.Debug|Any CPU.ActiveCfg = Debug|Any CPU
		{218EDF03-8E5F-49C2-8717-41443442E47D}.Debug|Any CPU.Build.0 = Debug|Any CPU
		{218EDF03-8E5F-49C2-8717-41443442E47D}.Release|Any CPU.ActiveCfg = Release|Any CPU
		{218EDF03-8E5F-49C2-8717-41443442E47D}.Release|Any CPU.Build.0 = Release|Any CPU
	EndGlobalSection
	GlobalSection(SolutionProperties) = preSolution
		HideSolutionNode = FALSE
	EndGlobalSection
EndGlobal
